// !$*UTF8*$!
{
	archiveVersion = 1;
	classes = {
	};
	objectVersion = 77;
	objects = {

/* Begin PBXBuildFile section */
		83AE972F2D5AD5C600C85854 /* safari-translater Extension.appex in Embed Foundation Extensions */ = {isa = PBXBuildFile; fileRef = 83AE972E2D5AD5C600C85854 /* safari-translater Extension.appex */; settings = {ATTRIBUTES = (RemoveHeadersOnCopy, ); }; };
/* End PBXBuildFile section */

/* Begin PBXContainerItemProxy section */
		83AE97192D5AD5C600C85854 /* PBXContainerItemProxy */ = {
			isa = PBXContainerItemProxy;
			containerPortal = 83AE96F42D5AD5C500C85854 /* Project object */;
			proxyType = 1;
			remoteGlobalIDString = 83AE96FB2D5AD5C500C85854;
			remoteInfo = "safari-translater";
		};
		83AE97232D5AD5C600C85854 /* PBXContainerItemProxy */ = {
			isa = PBXContainerItemProxy;
			containerPortal = 83AE96F42D5AD5C500C85854 /* Project object */;
			proxyType = 1;
			remoteGlobalIDString = 83AE96FB2D5AD5C500C85854;
			remoteInfo = "safari-translater";
		};
		83AE97302D5AD5C600C85854 /* PBXContainerItemProxy */ = {
			isa = PBXContainerItemProxy;
			containerPortal = 83AE96F42D5AD5C500C85854 /* Project object */;
			proxyType = 1;
			remoteGlobalIDString = 83AE972D2D5AD5C600C85854;
			remoteInfo = "safari-translater Extension";
		};
/* End PBXContainerItemProxy section */

/* Begin PBXCopyFilesBuildPhase section */
		83AE974E2D5AD5C600C85854 /* Embed Foundation Extensions */ = {
			isa = PBXCopyFilesBuildPhase;
			buildActionMask = 2147483647;
			dstPath = "";
			dstSubfolderSpec = 13;
			files = (
				83AE972F2D5AD5C600C85854 /* safari-translater Extension.appex in Embed Foundation Extensions */,
			);
			name = "Embed Foundation Extensions";
			runOnlyForDeploymentPostprocessing = 0;
		};
/* End PBXCopyFilesBuildPhase section */

/* Begin PBXFileReference section */
		83AE96FC2D5AD5C500C85854 /* safari-translater.app */ = {isa = PBXFileReference; explicitFileType = wrapper.application; includeInIndex = 0; path = "safari-translater.app"; sourceTree = BUILT_PRODUCTS_DIR; };
		83AE97182D5AD5C600C85854 /* safari-translaterTests.xctest */ = {isa = PBXFileReference; explicitFileType = wrapper.cfbundle; includeInIndex = 0; path = "safari-translaterTests.xctest"; sourceTree = BUILT_PRODUCTS_DIR; };
		83AE97222D5AD5C600C85854 /* safari-translaterUITests.xctest */ = {isa = PBXFileReference; explicitFileType = wrapper.cfbundle; includeInIndex = 0; path = "safari-translaterUITests.xctest"; sourceTree = BUILT_PRODUCTS_DIR; };
		83AE972E2D5AD5C600C85854 /* safari-translater Extension.appex */ = {isa = PBXFileReference; explicitFileType = "wrapper.app-extension"; includeInIndex = 0; path = "safari-translater Extension.appex"; sourceTree = BUILT_PRODUCTS_DIR; };
/* End PBXFileReference section */

/* Begin PBXFileSystemSynchronizedBuildFileExceptionSet section */
		83AE97482D5AD5C600C85854 /* Exceptions for "safari-translater Extension" folder in "safari-translater Extension" target */ = {
			isa = PBXFileSystemSynchronizedBuildFileExceptionSet;
			membershipExceptions = (
				Info.plist,
			);
			target = 83AE972D2D5AD5C600C85854 /* safari-translater Extension */;
		};
/* End PBXFileSystemSynchronizedBuildFileExceptionSet section */

/* Begin PBXFileSystemSynchronizedRootGroup section */
		83AE96FE2D5AD5C500C85854 /* safari-translater */ = {
			isa = PBXFileSystemSynchronizedRootGroup;
			path = "safari-translater";
			sourceTree = "<group>";
		};
		83AE971B2D5AD5C600C85854 /* safari-translaterTests */ = {
			isa = PBXFileSystemSynchronizedRootGroup;
			path = "safari-translaterTests";
			sourceTree = "<group>";
		};
		83AE97252D5AD5C600C85854 /* safari-translaterUITests */ = {
			isa = PBXFileSystemSynchronizedRootGroup;
			path = "safari-translaterUITests";
			sourceTree = "<group>";
		};
		83AE97322D5AD5C600C85854 /* safari-translater Extension */ = {
			isa = PBXFileSystemSynchronizedRootGroup;
			exceptions = (
				83AE97482D5AD5C600C85854 /* Exceptions for "safari-translater Extension" folder in "safari-translater Extension" target */,
			);
			explicitFolders = (
				Resources/_locales,
				Resources/images,
			);
			path = "safari-translater Extension";
			sourceTree = "<group>";
		};
/* End PBXFileSystemSynchronizedRootGroup section */

/* Begin PBXFrameworksBuildPhase section */
		83AE96F92D5AD5C500C85854 /* Frameworks */ = {
			isa = PBXFrameworksBuildPhase;
			buildActionMask = 2147483647;
			files = (
			);
			runOnlyForDeploymentPostprocessing = 0;
		};
		83AE97152D5AD5C600C85854 /* Frameworks */ = {
			isa = PBXFrameworksBuildPhase;
			buildActionMask = 2147483647;
			files = (
			);
			runOnlyForDeploymentPostprocessing = 0;
		};
		83AE971F2D5AD5C600C85854 /* Frameworks */ = {
			isa = PBXFrameworksBuildPhase;
			buildActionMask = 2147483647;
			files = (
			);
			runOnlyForDeploymentPostprocessing = 0;
		};
		83AE972B2D5AD5C600C85854 /* Frameworks */ = {
			isa = PBXFrameworksBuildPhase;
			buildActionMask = 2147483647;
			files = (
			);
			runOnlyForDeploymentPostprocessing = 0;
		};
/* End PBXFrameworksBuildPhase section */

/* Begin PBXGroup section */
		83AE96F32D5AD5C500C85854 = {
			isa = PBXGroup;
			children = (
				83AE96FE2D5AD5C500C85854 /* safari-translater */,
				83AE971B2D5AD5C600C85854 /* safari-translaterTests */,
				83AE97252D5AD5C600C85854 /* safari-translaterUITests */,
				83AE97322D5AD5C600C85854 /* safari-translater Extension */,
				83AE96FD2D5AD5C500C85854 /* Products */,
			);
			sourceTree = "<group>";
		};
		83AE96FD2D5AD5C500C85854 /* Products */ = {
			isa = PBXGroup;
			children = (
				83AE96FC2D5AD5C500C85854 /* safari-translater.app */,
				83AE97182D5AD5C600C85854 /* safari-translaterTests.xctest */,
				83AE97222D5AD5C600C85854 /* safari-translaterUITests.xctest */,
				83AE972E2D5AD5C600C85854 /* safari-translater Extension.appex */,
			);
			name = Products;
			sourceTree = "<group>";
		};
/* End PBXGroup section */

/* Begin PBXNativeTarget section */
		83AE96FB2D5AD5C500C85854 /* safari-translater */ = {
			isa = PBXNativeTarget;
			buildConfigurationList = 83AE974F2D5AD5C600C85854 /* Build configuration list for PBXNativeTarget "safari-translater" */;
			buildPhases = (
				83AE96F82D5AD5C500C85854 /* Sources */,
				83AE96F92D5AD5C500C85854 /* Frameworks */,
				83AE96FA2D5AD5C500C85854 /* Resources */,
				83AE974E2D5AD5C600C85854 /* Embed Foundation Extensions */,
			);
			buildRules = (
			);
			dependencies = (
				83AE97312D5AD5C600C85854 /* PBXTargetDependency */,
			);
			fileSystemSynchronizedGroups = (
				83AE96FE2D5AD5C500C85854 /* safari-translater */,
			);
			name = "safari-translater";
			packageProductDependencies = (
			);
			productName = "safari-translater";
			productReference = 83AE96FC2D5AD5C500C85854 /* safari-translater.app */;
			productType = "com.apple.product-type.application";
		};
		83AE97172D5AD5C600C85854 /* safari-translaterTests */ = {
			isa = PBXNativeTarget;
			buildConfigurationList = 83AE97522D5AD5C600C85854 /* Build configuration list for PBXNativeTarget "safari-translaterTests" */;
			buildPhases = (
				83AE97142D5AD5C600C85854 /* Sources */,
				83AE97152D5AD5C600C85854 /* Frameworks */,
				83AE97162D5AD5C600C85854 /* Resources */,
			);
			buildRules = (
			);
			dependencies = (
				83AE971A2D5AD5C600C85854 /* PBXTargetDependency */,
			);
			fileSystemSynchronizedGroups = (
				83AE971B2D5AD5C600C85854 /* safari-translaterTests */,
			);
			name = "safari-translaterTests";
			packageProductDependencies = (
			);
			productName = "safari-translaterTests";
			productReference = 83AE97182D5AD5C600C85854 /* safari-translaterTests.xctest */;
			productType = "com.apple.product-type.bundle.unit-test";
		};
		83AE97212D5AD5C600C85854 /* safari-translaterUITests */ = {
			isa = PBXNativeTarget;
			buildConfigurationList = 83AE97552D5AD5C600C85854 /* Build configuration list for PBXNativeTarget "safari-translaterUITests" */;
			buildPhases = (
				83AE971E2D5AD5C600C85854 /* Sources */,
				83AE971F2D5AD5C600C85854 /* Frameworks */,
				83AE97202D5AD5C600C85854 /* Resources */,
			);
			buildRules = (
			);
			dependencies = (
				83AE97242D5AD5C600C85854 /* PBXTargetDependency */,
			);
			fileSystemSynchronizedGroups = (
				83AE97252D5AD5C600C85854 /* safari-translaterUITests */,
			);
			name = "safari-translaterUITests";
			packageProductDependencies = (
			);
			productName = "safari-translaterUITests";
			productReference = 83AE97222D5AD5C600C85854 /* safari-translaterUITests.xctest */;
			productType = "com.apple.product-type.bundle.ui-testing";
		};
		83AE972D2D5AD5C600C85854 /* safari-translater Extension */ = {
			isa = PBXNativeTarget;
			buildConfigurationList = 83AE97492D5AD5C600C85854 /* Build configuration list for PBXNativeTarget "safari-translater Extension" */;
			buildPhases = (
				83AE972A2D5AD5C600C85854 /* Sources */,
				83AE972B2D5AD5C600C85854 /* Frameworks */,
				83AE972C2D5AD5C600C85854 /* Resources */,
			);
			buildRules = (
			);
			dependencies = (
			);
			fileSystemSynchronizedGroups = (
				83AE97322D5AD5C600C85854 /* safari-translater Extension */,
			);
			name = "safari-translater Extension";
			packageProductDependencies = (
			);
			productName = "safari-translater Extension";
			productReference = 83AE972E2D5AD5C600C85854 /* safari-translater Extension.appex */;
			productType = "com.apple.product-type.app-extension";
		};
/* End PBXNativeTarget section */

/* Begin PBXProject section */
		83AE96F42D5AD5C500C85854 /* Project object */ = {
			isa = PBXProject;
			attributes = {
				BuildIndependentTargetsInParallel = 1;
				LastSwiftUpdateCheck = 1620;
				LastUpgradeCheck = 1620;
				TargetAttributes = {
					83AE96FB2D5AD5C500C85854 = {
						CreatedOnToolsVersion = 16.2;
					};
					83AE97172D5AD5C600C85854 = {
						CreatedOnToolsVersion = 16.2;
						TestTargetID = 83AE96FB2D5AD5C500C85854;
					};
					83AE97212D5AD5C600C85854 = {
						CreatedOnToolsVersion = 16.2;
						TestTargetID = 83AE96FB2D5AD5C500C85854;
					};
					83AE972D2D5AD5C600C85854 = {
						CreatedOnToolsVersion = 16.2;
					};
				};
			};
			buildConfigurationList = 83AE96F72D5AD5C500C85854 /* Build configuration list for PBXProject "safari-translater" */;
			developmentRegion = en;
			hasScannedForEncodings = 0;
			knownRegions = (
				en,
				Base,
			);
			mainGroup = 83AE96F32D5AD5C500C85854;
			minimizedProjectReferenceProxies = 1;
			preferredProjectObjectVersion = 77;
			productRefGroup = 83AE96FD2D5AD5C500C85854 /* Products */;
			projectDirPath = "";
			projectRoot = "";
			targets = (
				83AE96FB2D5AD5C500C85854 /* safari-translater */,
				83AE97172D5AD5C600C85854 /* safari-translaterTests */,
				83AE97212D5AD5C600C85854 /* safari-translaterUITests */,
				83AE972D2D5AD5C600C85854 /* safari-translater Extension */,
			);
		};
/* End PBXProject section */

/* Begin PBXResourcesBuildPhase section */
		83AE96FA2D5AD5C500C85854 /* Resources */ = {
			isa = PBXResourcesBuildPhase;
			buildActionMask = 2147483647;
			files = (
			);
			runOnlyForDeploymentPostprocessing = 0;
		};
		83AE97162D5AD5C600C85854 /* Resources */ = {
			isa = PBXResourcesBuildPhase;
			buildActionMask = 2147483647;
			files = (
			);
			runOnlyForDeploymentPostprocessing = 0;
		};
		83AE97202D5AD5C600C85854 /* Resources */ = {
			isa = PBXResourcesBuildPhase;
			buildActionMask = 2147483647;
			files = (
			);
			runOnlyForDeploymentPostprocessing = 0;
		};
		83AE972C2D5AD5C600C85854 /* Resources */ = {
			isa = PBXResourcesBuildPhase;
			buildActionMask = 2147483647;
			files = (
			);
			runOnlyForDeploymentPostprocessing = 0;
		};
/* End PBXResourcesBuildPhase section */

/* Begin PBXSourcesBuildPhase section */
		83AE96F82D5AD5C500C85854 /* Sources */ = {
			isa = PBXSourcesBuildPhase;
			buildActionMask = 2147483647;
			files = (
			);
			runOnlyForDeploymentPostprocessing = 0;
		};
		83AE97142D5AD5C600C85854 /* Sources */ = {
			isa = PBXSourcesBuildPhase;
			buildActionMask = 2147483647;
			files = (
			);
			runOnlyForDeploymentPostprocessing = 0;
		};
		83AE971E2D5AD5C600C85854 /* Sources */ = {
			isa = PBXSourcesBuildPhase;
			buildActionMask = 2147483647;
			files = (
			);
			runOnlyForDeploymentPostprocessing = 0;
		};
		83AE972A2D5AD5C600C85854 /* Sources */ = {
			isa = PBXSourcesBuildPhase;
			buildActionMask = 2147483647;
			files = (
			);
			runOnlyForDeploymentPostprocessing = 0;
		};
/* End PBXSourcesBuildPhase section */

/* Begin PBXTargetDependency section */
		83AE971A2D5AD5C600C85854 /* PBXTargetDependency */ = {
			isa = PBXTargetDependency;
			target = 83AE96FB2D5AD5C500C85854 /* safari-translater */;
			targetProxy = 83AE97192D5AD5C600C85854 /* PBXContainerItemProxy */;
		};
		83AE97242D5AD5C600C85854 /* PBXTargetDependency */ = {
			isa = PBXTargetDependency;
			target = 83AE96FB2D5AD5C500C85854 /* safari-translater */;
			targetProxy = 83AE97232D5AD5C600C85854 /* PBXContainerItemProxy */;
		};
		83AE97312D5AD5C600C85854 /* PBXTargetDependency */ = {
			isa = PBXTargetDependency;
			target = 83AE972D2D5AD5C600C85854 /* safari-translater Extension */;
			targetProxy = 83AE97302D5AD5C600C85854 /* PBXContainerItemProxy */;
		};
/* End PBXTargetDependency section */

/* Begin XCBuildConfiguration section */
		83AE974A2D5AD5C600C85854 /* Debug */ = {
			isa = XCBuildConfiguration;
			buildSettings = {
				CODE_SIGN_ENTITLEMENTS = "safari-translater Extension/safari_translater_Extension.entitlements";
				CODE_SIGN_STYLE = Automatic;
				CURRENT_PROJECT_VERSION = 1;
				ENABLE_HARDENED_RUNTIME = YES;
				GENERATE_INFOPLIST_FILE = YES;
				INFOPLIST_FILE = "safari-translater Extension/Info.plist";
				INFOPLIST_KEY_CFBundleDisplayName = "safari-translater Extension";
				INFOPLIST_KEY_NSHumanReadableCopyright = "";
				LD_RUNPATH_SEARCH_PATHS = (
					"$(inherited)",
					"@executable_path/../Frameworks",
					"@executable_path/../../../../Frameworks",
				);
				MACOSX_DEPLOYMENT_TARGET = 10.14;
				MARKETING_VERSION = 1.0;
				OTHER_LDFLAGS = (
					"-framework",
					SafariServices,
				);
				PRODUCT_BUNDLE_IDENTIFIER = "chris.safari-translater.Extension";
				PRODUCT_NAME = "$(TARGET_NAME)";
				SKIP_INSTALL = YES;
				SWIFT_EMIT_LOC_STRINGS = YES;
				SWIFT_VERSION = 5.0;
			};
			name = Debug;
		};
		83AE974B2D5AD5C600C85854 /* Release */ = {
			isa = XCBuildConfiguration;
			buildSettings = {
				CODE_SIGN_ENTITLEMENTS = "safari-translater Extension/safari_translater_Extension.entitlements";
				CODE_SIGN_STYLE = Automatic;
				CURRENT_PROJECT_VERSION = 1;
				ENABLE_HARDENED_RUNTIME = YES;
				GENERATE_INFOPLIST_FILE = YES;
				INFOPLIST_FILE = "safari-translater Extension/Info.plist";
				INFOPLIST_KEY_CFBundleDisplayName = "safari-translater Extension";
				INFOPLIST_KEY_NSHumanReadableCopyright = "";
				LD_RUNPATH_SEARCH_PATHS = (
					"$(inherited)",
					"@executable_path/../Frameworks",
					"@executable_path/../../../../Frameworks",
				);
				MACOSX_DEPLOYMENT_TARGET = 10.14;
				MARKETING_VERSION = 1.0;
				OTHER_LDFLAGS = (
					"-framework",
					SafariServices,
				);
				PRODUCT_BUNDLE_IDENTIFIER = "chris.safari-translater.Extension";
				PRODUCT_NAME = "$(TARGET_NAME)";
				SKIP_INSTALL = YES;
				SWIFT_EMIT_LOC_STRINGS = YES;
				SWIFT_VERSION = 5.0;
			};
			name = Release;
		};
		83AE974C2D5AD5C600C85854 /* Debug */ = {
			isa = XCBuildConfiguration;
			buildSettings = {
				ALWAYS_SEARCH_USER_PATHS = NO;
				ASSETCATALOG_COMPILER_GENERATE_SWIFT_ASSET_SYMBOL_EXTENSIONS = YES;
				CLANG_ANALYZER_NONNULL = YES;
				CLANG_ANALYZER_NUMBER_OBJECT_CONVERSION = YES_AGGRESSIVE;
				CLANG_CXX_LANGUAGE_STANDARD = "gnu++20";
				CLANG_ENABLE_MODULES = YES;
				CLANG_ENABLE_OBJC_ARC = YES;
				CLANG_ENABLE_OBJC_WEAK = YES;
				CLANG_WARN_BLOCK_CAPTURE_AUTORELEASING = YES;
				CLANG_WARN_BOOL_CONVERSION = YES;
				CLANG_WARN_COMMA = YES;
				CLANG_WARN_CONSTANT_CONVERSION = YES;
				CLANG_WARN_DEPRECATED_OBJC_IMPLEMENTATIONS = YES;
				CLANG_WARN_DIRECT_OBJC_ISA_USAGE = YES_ERROR;
				CLANG_WARN_DOCUMENTATION_COMMENTS = YES;
				CLANG_WARN_EMPTY_BODY = YES;
				CLANG_WARN_ENUM_CONVERSION = YES;
				CLANG_WARN_INFINITE_RECURSION = YES;
				CLANG_WARN_INT_CONVERSION = YES;
				CLANG_WARN_NON_LITERAL_NULL_CONVERSION = YES;
				CLANG_WARN_OBJC_IMPLICIT_RETAIN_SELF = YES;
				CLANG_WARN_OBJC_LITERAL_CONVERSION = YES;
				CLANG_WARN_OBJC_ROOT_CLASS = YES_ERROR;
				CLANG_WARN_QUOTED_INCLUDE_IN_FRAMEWORK_HEADER = YES;
				CLANG_WARN_RANGE_LOOP_ANALYSIS = YES;
				CLANG_WARN_STRICT_PROTOTYPES = YES;
				CLANG_WARN_SUSPICIOUS_MOVE = YES;
				CLANG_WARN_UNGUARDED_AVAILABILITY = YES_AGGRESSIVE;
				CLANG_WARN_UNREACHABLE_CODE = YES;
				CLANG_WARN__DUPLICATE_METHOD_MATCH = YES;
				COPY_PHASE_STRIP = NO;
				DEBUG_INFORMATION_FORMAT = dwarf;
				ENABLE_STRICT_OBJC_MSGSEND = YES;
				ENABLE_TESTABILITY = YES;
				ENABLE_USER_SCRIPT_SANDBOXING = YES;
				GCC_C_LANGUAGE_STANDARD = gnu17;
				GCC_DYNAMIC_NO_PIC = NO;
				GCC_NO_COMMON_BLOCKS = YES;
				GCC_OPTIMIZATION_LEVEL = 0;
				GCC_PREPROCESSOR_DEFINITIONS = (
					"DEBUG=1",
					"$(inherited)",
				);
				GCC_WARN_64_TO_32_BIT_CONVERSION = YES;
				GCC_WARN_ABOUT_RETURN_TYPE = YES_ERROR;
				GCC_WARN_UNDECLARED_SELECTOR = YES;
				GCC_WARN_UNINITIALIZED_AUTOS = YES_AGGRESSIVE;
				GCC_WARN_UNUSED_FUNCTION = YES;
				GCC_WARN_UNUSED_VARIABLE = YES;
				LOCALIZATION_PREFERS_STRING_CATALOGS = YES;
				MACOSX_DEPLOYMENT_TARGET = 15.2;
				MTL_ENABLE_DEBUG_INFO = INCLUDE_SOURCE;
				MTL_FAST_MATH = YES;
				ONLY_ACTIVE_ARCH = YES;
				SDKROOT = macosx;
				SWIFT_ACTIVE_COMPILATION_CONDITIONS = "DEBUG $(inherited)";
				SWIFT_OPTIMIZATION_LEVEL = "-Onone";
			};
			name = Debug;
		};
		83AE974D2D5AD5C600C85854 /* Release */ = {
			isa = XCBuildConfiguration;
			buildSettings = {
				ALWAYS_SEARCH_USER_PATHS = NO;
				ASSETCATALOG_COMPILER_GENERATE_SWIFT_ASSET_SYMBOL_EXTENSIONS = YES;
				CLANG_ANALYZER_NONNULL = YES;
				CLANG_ANALYZER_NUMBER_OBJECT_CONVERSION = YES_AGGRESSIVE;
				CLANG_CXX_LANGUAGE_STANDARD = "gnu++20";
				CLANG_ENABLE_MODULES = YES;
				CLANG_ENABLE_OBJC_ARC = YES;
				CLANG_ENABLE_OBJC_WEAK = YES;
				CLANG_WARN_BLOCK_CAPTURE_AUTORELEASING = YES;
				CLANG_WARN_BOOL_CONVERSION = YES;
				CLANG_WARN_COMMA = YES;
				CLANG_WARN_CONSTANT_CONVERSION = YES;
				CLANG_WARN_DEPRECATED_OBJC_IMPLEMENTATIONS = YES;
				CLANG_WARN_DIRECT_OBJC_ISA_USAGE = YES_ERROR;
				CLANG_WARN_DOCUMENTATION_COMMENTS = YES;
				CLANG_WARN_EMPTY_BODY = YES;
				CLANG_WARN_ENUM_CONVERSION = YES;
				CLANG_WARN_INFINITE_RECURSION = YES;
				CLANG_WARN_INT_CONVERSION = YES;
				CLANG_WARN_NON_LITERAL_NULL_CONVERSION = YES;
				CLANG_WARN_OBJC_IMPLICIT_RETAIN_SELF = YES;
				CLANG_WARN_OBJC_LITERAL_CONVERSION = YES;
				CLANG_WARN_OBJC_ROOT_CLASS = YES_ERROR;
				CLANG_WARN_QUOTED_INCLUDE_IN_FRAMEWORK_HEADER = YES;
				CLANG_WARN_RANGE_LOOP_ANALYSIS = YES;
				CLANG_WARN_STRICT_PROTOTYPES = YES;
				CLANG_WARN_SUSPICIOUS_MOVE = YES;
				CLANG_WARN_UNGUARDED_AVAILABILITY = YES_AGGRESSIVE;
				CLANG_WARN_UNREACHABLE_CODE = YES;
				CLANG_WARN__DUPLICATE_METHOD_MATCH = YES;
				COPY_PHASE_STRIP = NO;
				DEBUG_INFORMATION_FORMAT = "dwarf-with-dsym";
				ENABLE_NS_ASSERTIONS = NO;
				ENABLE_STRICT_OBJC_MSGSEND = YES;
				ENABLE_USER_SCRIPT_SANDBOXING = YES;
				GCC_C_LANGUAGE_STANDARD = gnu17;
				GCC_NO_COMMON_BLOCKS = YES;
				GCC_WARN_64_TO_32_BIT_CONVERSION = YES;
				GCC_WARN_ABOUT_RETURN_TYPE = YES_ERROR;
				GCC_WARN_UNDECLARED_SELECTOR = YES;
				GCC_WARN_UNINITIALIZED_AUTOS = YES_AGGRESSIVE;
				GCC_WARN_UNUSED_FUNCTION = YES;
				GCC_WARN_UNUSED_VARIABLE = YES;
				LOCALIZATION_PREFERS_STRING_CATALOGS = YES;
				MACOSX_DEPLOYMENT_TARGET = 15.2;
				MTL_ENABLE_DEBUG_INFO = NO;
				MTL_FAST_MATH = YES;
				SDKROOT = macosx;
				SWIFT_COMPILATION_MODE = wholemodule;
			};
			name = Release;
		};
		83AE97502D5AD5C600C85854 /* Debug */ = {
			isa = XCBuildConfiguration;
			buildSettings = {
				ASSETCATALOG_COMPILER_APPICON_NAME = AppIcon;
				ASSETCATALOG_COMPILER_GLOBAL_ACCENT_COLOR_NAME = AccentColor;
				CODE_SIGN_ENTITLEMENTS = "safari-translater/safari-translater.entitlements";
				CODE_SIGN_STYLE = Automatic;
				COMBINE_HIDPI_IMAGES = YES;
				CURRENT_PROJECT_VERSION = 1;
				ENABLE_HARDENED_RUNTIME = YES;
				GENERATE_INFOPLIST_FILE = YES;
				INFOPLIST_KEY_CFBundleDisplayName = "safari-translater";
				INFOPLIST_KEY_NSHumanReadableCopyright = "";
				INFOPLIST_KEY_NSMainStoryboardFile = Main;
				INFOPLIST_KEY_NSPrincipalClass = NSApplication;
				LD_RUNPATH_SEARCH_PATHS = (
					"$(inherited)",
					"@executable_path/../Frameworks",
				);
				MACOSX_DEPLOYMENT_TARGET = 10.14;
				MARKETING_VERSION = 1.0;
				OTHER_LDFLAGS = (
					"-framework",
					SafariServices,
					"-framework",
					WebKit,
				);
				PRODUCT_BUNDLE_IDENTIFIER = "chris.safari-translater";
				PRODUCT_NAME = "$(TARGET_NAME)";
				SWIFT_EMIT_LOC_STRINGS = YES;
				SWIFT_VERSION = 5.0;
			};
			name = Debug;
		};
		83AE97512D5AD5C600C85854 /* Release */ = {
			isa = XCBuildConfiguration;
			buildSettings = {
				ASSETCATALOG_COMPILER_APPICON_NAME = AppIcon;
				ASSETCATALOG_COMPILER_GLOBAL_ACCENT_COLOR_NAME = AccentColor;
				CODE_SIGN_ENTITLEMENTS = "safari-translater/safari-translater.entitlements";
				CODE_SIGN_STYLE = Automatic;
				COMBINE_HIDPI_IMAGES = YES;
				CURRENT_PROJECT_VERSION = 1;
				ENABLE_HARDENED_RUNTIME = YES;
				GENERATE_INFOPLIST_FILE = YES;
				INFOPLIST_KEY_CFBundleDisplayName = "safari-translater";
				INFOPLIST_KEY_NSHumanReadableCopyright = "";
				INFOPLIST_KEY_NSMainStoryboardFile = Main;
				INFOPLIST_KEY_NSPrincipalClass = NSApplication;
				LD_RUNPATH_SEARCH_PATHS = (
					"$(inherited)",
					"@executable_path/../Frameworks",
				);
				MACOSX_DEPLOYMENT_TARGET = 10.14;
				MARKETING_VERSION = 1.0;
				OTHER_LDFLAGS = (
					"-framework",
					SafariServices,
					"-framework",
					WebKit,
				);
				PRODUCT_BUNDLE_IDENTIFIER = "chris.safari-translater";
				PRODUCT_NAME = "$(TARGET_NAME)";
				SWIFT_EMIT_LOC_STRINGS = YES;
				SWIFT_VERSION = 5.0;
			};
			name = Release;
		};
		83AE97532D5AD5C600C85854 /* Debug */ = {
			isa = XCBuildConfiguration;
			buildSettings = {
				BUNDLE_LOADER = "$(TEST_HOST)";
				CODE_SIGN_STYLE = Automatic;
				CURRENT_PROJECT_VERSION = 1;
				GENERATE_INFOPLIST_FILE = YES;
				MACOSX_DEPLOYMENT_TARGET = 10.14;
				MARKETING_VERSION = 1.0;
				PRODUCT_BUNDLE_IDENTIFIER = "chris.safari-translaterTests";
				PRODUCT_NAME = "$(TARGET_NAME)";
				SWIFT_EMIT_LOC_STRINGS = NO;
				SWIFT_VERSION = 5.0;
				TEST_HOST = "$(BUILT_PRODUCTS_DIR)/safari-translater.app/$(BUNDLE_EXECUTABLE_FOLDER_PATH)/safari-translater";
			};
			name = Debug;
		};
		83AE97542D5AD5C600C85854 /* Release */ = {
			isa = XCBuildConfiguration;
			buildSettings = {
				BUNDLE_LOADER = "$(TEST_HOST)";
				CODE_SIGN_STYLE = Automatic;
				CURRENT_PROJECT_VERSION = 1;
				GENERATE_INFOPLIST_FILE = YES;
				MACOSX_DEPLOYMENT_TARGET = 10.14;
				MARKETING_VERSION = 1.0;
				PRODUCT_BUNDLE_IDENTIFIER = "chris.safari-translaterTests";
				PRODUCT_NAME = "$(TARGET_NAME)";
				SWIFT_EMIT_LOC_STRINGS = NO;
				SWIFT_VERSION = 5.0;
				TEST_HOST = "$(BUILT_PRODUCTS_DIR)/safari-translater.app/$(BUNDLE_EXECUTABLE_FOLDER_PATH)/safari-translater";
			};
			name = Release;
		};
		83AE97562D5AD5C600C85854 /* Debug */ = {
			isa = XCBuildConfiguration;
			buildSettings = {
				CODE_SIGN_STYLE = Automatic;
				CURRENT_PROJECT_VERSION = 1;
				GENERATE_INFOPLIST_FILE = YES;
				MARKETING_VERSION = 1.0;
				PRODUCT_BUNDLE_IDENTIFIER = "chris.safari-translaterUITests";
				PRODUCT_NAME = "$(TARGET_NAME)";
				SWIFT_EMIT_LOC_STRINGS = NO;
				SWIFT_VERSION = 5.0;
				TEST_TARGET_NAME = "safari-translater";
			};
			name = Debug;
		};
		83AE97572D5AD5C600C85854 /* Release */ = {
			isa = XCBuildConfiguration;
			buildSettings = {
				CODE_SIGN_STYLE = Automatic;
				CURRENT_PROJECT_VERSION = 1;
				GENERATE_INFOPLIST_FILE = YES;
				MARKETING_VERSION = 1.0;
				PRODUCT_BUNDLE_IDENTIFIER = "chris.safari-translaterUITests";
				PRODUCT_NAME = "$(TARGET_NAME)";
				SWIFT_EMIT_LOC_STRINGS = NO;
				SWIFT_VERSION = 5.0;
				TEST_TARGET_NAME = "safari-translater";
			};
			name = Release;
		};
/* End XCBuildConfiguration section */

/* Begin XCConfigurationList section */
		83AE96F72D5AD5C500C85854 /* Build configuration list for PBXProject "safari-translater" */ = {
			isa = XCConfigurationList;
			buildConfigurations = (
				83AE974C2D5AD5C600C85854 /* Debug */,
				83AE974D2D5AD5C600C85854 /* Release */,
			);
			defaultConfigurationIsVisible = 0;
			defaultConfigurationName = Release;
		};
		83AE97492D5AD5C600C85854 /* Build configuration list for PBXNativeTarget "safari-translater Extension" */ = {
			isa = XCConfigurationList;
			buildConfigurations = (
				83AE974A2D5AD5C600C85854 /* Debug */,
				83AE974B2D5AD5C600C85854 /* Release */,
			);
			defaultConfigurationIsVisible = 0;
			defaultConfigurationName = Release;
		};
		83AE974F2D5AD5C600C85854 /* Build configuration list for PBXNativeTarget "safari-translater" */ = {
			isa = XCConfigurationList;
			buildConfigurations = (
				83AE97502D5AD5C600C85854 /* Debug */,
				83AE97512D5AD5C600C85854 /* Release */,
			);
			defaultConfigurationIsVisible = 0;
			defaultConfigurationName = Release;
		};
		83AE97522D5AD5C600C85854 /* Build configuration list for PBXNativeTarget "safari-translaterTests" */ = {
			isa = XCConfigurationList;
			buildConfigurations = (
				83AE97532D5AD5C600C85854 /* Debug */,
				83AE97542D5AD5C600C85854 /* Release */,
			);
			defaultConfigurationIsVisible = 0;
			defaultConfigurationName = Release;
		};
		83AE97552D5AD5C600C85854 /* Build configuration list for PBXNativeTarget "safari-translaterUITests" */ = {
			isa = XCConfigurationList;
			buildConfigurations = (
				83AE97562D5AD5C600C85854 /* Debug */,
				83AE97572D5AD5C600C85854 /* Release */,
			);
			defaultConfigurationIsVisible = 0;
			defaultConfigurationName = Release;
		};
/* End XCConfigurationList section */
	};
	rootObject = 83AE96F42D5AD5C500C85854 /* Project object */;
}
